
Microsoft Visual Studio Solution File, Format Version 12.00
# Visual Studio Version 16
VisualStudioVersion = 16.0.31402.337
MinimumVisualStudioVersion = 10.0.40219.1
Project("{FAE04EC0-301F-11D3-BF4B-00C04F79EFBC}") = "Flix_Tv.Site", "Flix_Tv.Site\Flix_Tv.Site.csproj", "{D59D1693-52B4-4822-BA7C-E4D4BDBCA9D0}"
EndProject
Project("{2150E333-8FDC-42A3-9474-1A3956D46DE8}") = "Core", "Core", "{8AF2F441-AB5B-4C42-9C57-214BE06615A0}"
EndProject
Project("{FAE04EC0-301F-11D3-BF4B-00C04F79EFBC}") = "Flix_Tv.Domain", "Flix_Tv.Domain\Flix_Tv.Domain.csproj", "{30190A6E-B41A-4BBC-8EA4-BCC1D657DBDC}"
EndProject
Project("{FAE04EC0-301F-11D3-BF4B-00C04F79EFBC}") = "Flix_Tv.Application", "Flix_Tv.Application\Flix_Tv.Application.csproj", "{88A97125-81E6-4389-94C3-15EBCFAE9E9D}"
EndProject
Project("{2150E333-8FDC-42A3-9474-1A3956D46DE8}") = "Infeastructure", "Infeastructure", "{B404589A-F867-4F93-97DA-D32604436CB0}"
EndProject
Project("{FAE04EC0-301F-11D3-BF4B-00C04F79EFBC}") = "Flix_Tv.Persistence", "Flix_Tv.Persistence\Flix_Tv.Persistence.csproj", "{704AB4F2-7D72-4B3A-A536-78374F142F2A}"
EndProject
Project("{FAE04EC0-301F-11D3-BF4B-00C04F79EFBC}") = "Flix-Tv.Infeastructure", "Flix-Tv.Infeastructure\Flix-Tv.Infeastructure.csproj", "{BB34B3A3-D8D7-44B7-B54D-E865797E2EFD}"
EndProject
Project("{2150E333-8FDC-42A3-9474-1A3956D46DE8}") = "Common", "Common", "{0A85212E-FB89-4C93-871A-6A006B4C8BDD}"
EndProject
Project("{2150E333-8FDC-42A3-9474-1A3956D46DE8}") = "Presentaion", "Presentaion", "{FA5C3130-6DB9-4C63-9303-9EE28511581C}"
EndProject
Project("{FAE04EC0-301F-11D3-BF4B-00C04F79EFBC}") = "Flix-Tv.Common", "Flix-Tv.Common\Flix-Tv.Common.csproj", "{3AE3BB07-B030-4691-AB98-3E10D6EE364F}"
EndProject
Global
	GlobalSection(SolutionConfigurationPlatforms) = preSolution
		Debug|Any CPU = Debug|Any CPU
		Release|Any CPU = Release|Any CPU
	EndGlobalSection
	GlobalSection(ProjectConfigurationPlatforms) = postSolution
		{D59D1693-52B4-4822-BA7C-E4D4BDBCA9D0}.Debug|Any CPU.ActiveCfg = Debug|Any CPU
		{D59D1693-52B4-4822-BA7C-E4D4BDBCA9D0}.Debug|Any CPU.Build.0 = Debug|Any CPU
		{D59D1693-52B4-4822-BA7C-E4D4BDBCA9D0}.Release|Any CPU.ActiveCfg = Release|Any CPU
		{D59D1693-52B4-4822-BA7C-E4D4BDBCA9D0}.Release|Any CPU.Build.0 = Release|Any CPU
		{30190A6E-B41A-4BBC-8EA4-BCC1D657DBDC}.Debug|Any CPU.ActiveCfg = Debug|Any CPU
		{30190A6E-B41A-4BBC-8EA4-BCC1D657DBDC}.Debug|Any CPU.Build.0 = Debug|Any CPU
		{30190A6E-B41A-4BBC-8EA4-BCC1D657DBDC}.Release|Any CPU.ActiveCfg = Release|Any CPU
		{30190A6E-B41A-4BBC-8EA4-BCC1D657DBDC}.Release|Any CPU.Build.0 = Release|Any CPU
		{88A97125-81E6-4389-94C3-15EBCFAE9E9D}.Debug|Any CPU.ActiveCfg = Debug|Any CPU
		{88A97125-81E6-4389-94C3-15EBCFAE9E9D}.Debug|Any CPU.Build.0 = Debug|Any CPU
		{88A97125-81E6-4389-94C3-15EBCFAE9E9D}.Release|Any CPU.ActiveCfg = Release|Any CPU
		{88A97125-81E6-4389-94C3-15EBCFAE9E9D}.Release|Any CPU.Build.0 = Release|Any CPU
		{704AB4F2-7D72-4B3A-A536-78374F142F2A}.Debug|Any CPU.ActiveCfg = Debug|Any CPU
		{704AB4F2-7D72-4B3A-A536-78374F142F2A}.Debug|Any CPU.Build.0 = Debug|Any CPU
		{704AB4F2-7D72-4B3A-A536-78374F142F2A}.Release|Any CPU.ActiveCfg = Release|Any CPU
		{704AB4F2-7D72-4B3A-A536-78374F142F2A}.Release|Any CPU.Build.0 = Release|Any CPU
		{BB34B3A3-D8D7-44B7-B54D-E865797E2EFD}.Debug|Any CPU.ActiveCfg = Debug|Any CPU
		{BB34B3A3-D8D7-44B7-B54D-E865797E2EFD}.Debug|Any CPU.Build.0 = Debug|Any CPU
		{BB34B3A3-D8D7-44B7-B54D-E865797E2EFD}.Release|Any CPU.ActiveCfg = Release|Any CPU
		{BB34B3A3-D8D7-44B7-B54D-E865797E2EFD}.Release|Any CPU.Build.0 = Release|Any CPU
		{3AE3BB07-B030-4691-AB98-3E10D6EE364F}.Debug|Any CPU.ActiveCfg = Debug|Any CPU
		{3AE3BB07-B030-4691-AB98-3E10D6EE364F}.Debug|Any CPU.Build.0 = Debug|Any CPU
		{3AE3BB07-B030-4691-AB98-3E10D6EE364F}.Release|Any CPU.ActiveCfg = Release|Any CPU
		{3AE3BB07-B030-4691-AB98-3E10D6EE364F}.Release|Any CPU.Build.0 = Release|Any CPU
	EndGlobalSection
	GlobalSection(SolutionProperties) = preSolution
		HideSolutionNode = FALSE
	EndGlobalSection
	GlobalSection(NestedProjects) = preSolution
		{D59D1693-52B4-4822-BA7C-E4D4BDBCA9D0} = {FA5C3130-6DB9-4C63-9303-9EE28511581C}
		{30190A6E-B41A-4BBC-8EA4-BCC1D657DBDC} = {8AF2F441-AB5B-4C42-9C57-214BE06615A0}
		{88A97125-81E6-4389-94C3-15EBCFAE9E9D} = {8AF2F441-AB5B-4C42-9C57-214BE06615A0}
		{704AB4F2-7D72-4B3A-A536-78374F142F2A} = {B404589A-F867-4F93-97DA-D32604436CB0}
		{BB34B3A3-D8D7-44B7-B54D-E865797E2EFD} = {B404589A-F867-4F93-97DA-D32604436CB0}
		{3AE3BB07-B030-4691-AB98-3E10D6EE364F} = {0A85212E-FB89-4C93-871A-6A006B4C8BDD}
	EndGlobalSection
	GlobalSection(ExtensibilityGlobals) = postSolution
		SolutionGuid = {EFB6EE76-929A-46B9-B223-E360246DC9D9}
	EndGlobalSection
EndGlobal
